
Microsoft Visual Studio Solution File, Format Version 12.00
# Visual Studio Version 17
VisualStudioVersion = 17.5.33516.290
MinimumVisualStudioVersion = 10.0.40219.1
Project("{FAE04EC0-301F-11D3-BF4B-00C04F79EFBC}") = "CapaNegocio", "CapaNegocio\CapaNegocio.csproj", "{12D5FF82-69EB-4D40-B11B-401849FD3628}"
EndProject
Project("{FAE04EC0-301F-11D3-BF4B-00C04F79EFBC}") = "CapaPresentacion", "CapaPresentacion\CapaPresentacion.csproj", "{0A8B4450-B8B4-4520-9AA5-0FE51216A5A5}"
EndProject
Global
	GlobalSection(SolutionConfigurationPlatforms) = preSolution
		Debug|Any CPU = Debug|Any CPU
		Release|Any CPU = Release|Any CPU
	EndGlobalSection
	GlobalSection(ProjectConfigurationPlatforms) = postSolution
		{12D5FF82-69EB-4D40-B11B-401849FD3628}.Debug|Any CPU.ActiveCfg = Debug|Any CPU
		{12D5FF82-69EB-4D40-B11B-401849FD3628}.Debug|Any CPU.Build.0 = Debug|Any CPU
		{12D5FF82-69EB-4D40-B11B-401849FD3628}.Release|Any CPU.ActiveCfg = Release|Any CPU
		{12D5FF82-69EB-4D40-B11B-401849FD3628}.Release|Any CPU.Build.0 = Release|Any CPU
		{0A8B4450-B8B4-4520-9AA5-0FE51216A5A5}.Debug|Any CPU.ActiveCfg = Debug|Any CPU
		{0A8B4450-B8B4-4520-9AA5-0FE51216A5A5}.Debug|Any CPU.Build.0 = Debug|Any CPU
		{0A8B4450-B8B4-4520-9AA5-0FE51216A5A5}.Release|Any CPU.ActiveCfg = Release|Any CPU
		{0A8B4450-B8B4-4520-9AA5-0FE51216A5A5}.Release|Any CPU.Build.0 = Release|Any CPU
	EndGlobalSection
	GlobalSection(SolutionProperties) = preSolution
		HideSolutionNode = FALSE
	EndGlobalSection
	GlobalSection(ExtensibilityGlobals) = postSolution
		SolutionGuid = {ECBEA725-408B-4B62-8518-A28DE4D8A203}
	EndGlobalSection
EndGlobal
